
Microsoft Visual Studio Solution File, Format Version 12.00
# Visual Studio Version 17
VisualStudioVersion = 17.13.35919.96 d17.13
MinimumVisualStudioVersion = 10.0.40219.1
Project("{FAE04EC0-301F-11D3-BF4B-00C04F79EFBC}") = "WebApplication1", "WebApplication1\WebApplication1.csproj", "{247FA631-F632-4FA3-9E04-25BEB1F29F75}"
EndProject
Global
	GlobalSection(SolutionConfigurationPlatforms) = preSolution
		Debug|Any CPU = Debug|Any CPU
		Release|Any CPU = Release|Any CPU
	EndGlobalSection
	GlobalSection(ProjectConfigurationPlatforms) = postSolution
		{247FA631-F632-4FA3-9E04-25BEB1F29F75}.Debug|Any CPU.ActiveCfg = Debug|Any CPU
		{247FA631-F632-4FA3-9E04-25BEB1F29F75}.Debug|Any CPU.Build.0 = Debug|Any CPU
		{247FA631-F632-4FA3-9E04-25BEB1F29F75}.Release|Any CPU.ActiveCfg = Release|Any CPU
		{247FA631-F632-4FA3-9E04-25BEB1F29F75}.Release|Any CPU.Build.0 = Release|Any CPU
	EndGlobalSection
	GlobalSection(SolutionProperties) = preSolution
		HideSolutionNode = FALSE
	EndGlobalSection
	GlobalSection(ExtensibilityGlobals) = postSolution
		SolutionGuid = {035F595B-8755-490A-A0E7-F57F85874E7F}
	EndGlobalSection
EndGlobal
